
Microsoft Visual Studio Solution File, Format Version 12.00
# Visual Studio 15
Project("{FAE04EC0-301F-11D3-BF4B-00C04F79EFBC}") = "UnityEngine.UI", "UnityEngine.UI.csproj", "{FD16C798-524C-6E55-19EC-392FACF18EBC}"
EndProject
Project("{FAE04EC0-301F-11D3-BF4B-00C04F79EFBC}") = "Unity.RenderPipelines.Core.Runtime", "Unity.RenderPipelines.Core.Runtime.csproj", "{8527879F-2579-6304-A4A1-25B788C5A61E}"
EndProject
Project("{FAE04EC0-301F-11D3-BF4B-00C04F79EFBC}") = "UnityEngine.TestRunner", "UnityEngine.TestRunner.csproj", "{49AB89ED-12B8-10AD-FF75-5BFED588A673}"
EndProject
Project("{FAE04EC0-301F-11D3-BF4B-00C04F79EFBC}") = "Unity.Mathematics", "Unity.Mathematics.csproj", "{53083F44-76F0-10A9-6C04-45158EB78647}"
EndProject
Project("{FAE04EC0-301F-11D3-BF4B-00C04F79EFBC}") = "Unity.RenderPipelines.Universal.Runtime", "Unity.RenderPipelines.Universal.Runtime.csproj", "{7AEDAAE1-625E-BAA5-5089-B925A657472D}"
EndProject
Project("{FAE04EC0-301F-11D3-BF4B-00C04F79EFBC}") = "Unity.TextMeshPro", "Unity.TextMeshPro.csproj", "{17778494-D30D-F6AB-5D51-828190F07B14}"
EndProject
Project("{FAE04EC0-301F-11D3-BF4B-00C04F79EFBC}") = "Unity.Timeline", "Unity.Timeline.csproj", "{73614885-5C49-A9F6-C1E9-B7CCA54339A3}"
EndProject
Project("{FAE04EC0-301F-11D3-BF4B-00C04F79EFBC}") = "Unity.Postprocessing.Runtime", "Unity.Postprocessing.Runtime.csproj", "{4D613692-AE76-0DB3-157D-ECDBAE9BB74B}"
EndProject
Project("{FAE04EC0-301F-11D3-BF4B-00C04F79EFBC}") = "Assembly-CSharp", "Assembly-CSharp.csproj", "{5919CFDF-8A17-6F9C-67F3-978FB2DCF78B}"
EndProject
Project("{FAE04EC0-301F-11D3-BF4B-00C04F79EFBC}") = "Unity.ProGrids", "Unity.ProGrids.csproj", "{475BB9E4-EEBE-EE41-D660-6E51A61F2341}"
EndProject
Project("{FAE04EC0-301F-11D3-BF4B-00C04F79EFBC}") = "Unity.RenderPipelines.Core.ShaderLibrary", "Unity.RenderPipelines.Core.ShaderLibrary.csproj", "{17C0FE6D-1F58-F9D9-3062-21E51683F7C7}"
EndProject
Project("{FAE04EC0-301F-11D3-BF4B-00C04F79EFBC}") = "Unity.RenderPipeline.Universal.ShaderLibrary", "Unity.RenderPipeline.Universal.ShaderLibrary.csproj", "{65FEF5B5-1E23-5ACF-566C-D3988743E988}"
EndProject
Project("{FAE04EC0-301F-11D3-BF4B-00C04F79EFBC}") = "Unity.RenderPipelines.Universal.Shaders", "Unity.RenderPipelines.Universal.Shaders.csproj", "{E1EE29A3-DFE9-B950-F4EB-C1E6FF3760C0}"
EndProject
Project("{FAE04EC0-301F-11D3-BF4B-00C04F79EFBC}") = "Unity.RenderPipelines.ShaderGraph.ShaderGraphLibrary", "Unity.RenderPipelines.ShaderGraph.ShaderGraphLibrary.csproj", "{B6A853E3-D2E0-C314-F259-6F4B73BC854E}"
EndProject
Project("{FAE04EC0-301F-11D3-BF4B-00C04F79EFBC}") = "Unity.PlasticSCM.Editor", "Unity.PlasticSCM.Editor.csproj", "{E92A614E-220E-3336-CD15-EBC16CA7B606}"
EndProject
Project("{FAE04EC0-301F-11D3-BF4B-00C04F79EFBC}") = "Unity.ShaderGraph.Editor", "Unity.ShaderGraph.Editor.csproj", "{87666ECB-6FB3-16A4-16B3-0B97A15C73E9}"
EndProject
Project("{FAE04EC0-301F-11D3-BF4B-00C04F79EFBC}") = "Unity.VisualStudio.Editor", "Unity.VisualStudio.Editor.csproj", "{70A63AEE-B570-8370-D77B-CC0A8B62B51A}"
EndProject
Project("{FAE04EC0-301F-11D3-BF4B-00C04F79EFBC}") = "Unity.Timeline.Editor", "Unity.Timeline.Editor.csproj", "{C58B3B8C-B752-D159-5453-B2DBF7A88B3E}"
EndProject
Project("{FAE04EC0-301F-11D3-BF4B-00C04F79EFBC}") = "Unity.TextMeshPro.Editor", "Unity.TextMeshPro.Editor.csproj", "{2F31AA6A-C0B7-A5DF-269C-B7B431D3AB1C}"
EndProject
Project("{FAE04EC0-301F-11D3-BF4B-00C04F79EFBC}") = "Assembly-CSharp-Editor", "Assembly-CSharp-Editor.csproj", "{942A26F8-79E9-02D3-D552-2B1871B06F2F}"
EndProject
Project("{FAE04EC0-301F-11D3-BF4B-00C04F79EFBC}") = "Unity.CollabProxy.Editor", "Unity.CollabProxy.Editor.csproj", "{43245D88-9D55-750F-BB7F-253B9FF9772B}"
EndProject
Project("{FAE04EC0-301F-11D3-BF4B-00C04F79EFBC}") = "Unity.Postprocessing.Editor", "Unity.Postprocessing.Editor.csproj", "{8AF81612-E0C4-1026-E691-8A6420ED89BC}"
EndProject
Project("{FAE04EC0-301F-11D3-BF4B-00C04F79EFBC}") = "UnityEditor.TestRunner", "UnityEditor.TestRunner.csproj", "{8D44B07E-C378-914E-89C9-80081BC33366}"
EndProject
Project("{FAE04EC0-301F-11D3-BF4B-00C04F79EFBC}") = "Unity.Rider.Editor", "Unity.Rider.Editor.csproj", "{CAC5377E-DBFD-6C94-B43B-F0DF830B8C5A}"
EndProject
Project("{FAE04EC0-301F-11D3-BF4B-00C04F79EFBC}") = "Unity.RenderPipelines.Universal.Editor", "Unity.RenderPipelines.Universal.Editor.csproj", "{2946C194-CFD4-3EC8-5732-E1F2CA1539C9}"
EndProject
Project("{FAE04EC0-301F-11D3-BF4B-00C04F79EFBC}") = "Unity.Services.Core.Editor", "Unity.Services.Core.Editor.csproj", "{EFFB6BB1-C8A0-8D1A-5232-8968CEC78763}"
EndProject
Project("{FAE04EC0-301F-11D3-BF4B-00C04F79EFBC}") = "Unity.ProGrids.Editor", "Unity.ProGrids.Editor.csproj", "{6B148D44-14DA-5506-0E04-40A134AFBC52}"
EndProject
Project("{FAE04EC0-301F-11D3-BF4B-00C04F79EFBC}") = "Unity.RenderPipelines.Core.Editor", "Unity.RenderPipelines.Core.Editor.csproj", "{AC7D1B0B-BBB8-EA23-15B6-6B134CEC39FC}"
EndProject
Project("{FAE04EC0-301F-11D3-BF4B-00C04F79EFBC}") = "Unity.Searcher.Editor", "Unity.Searcher.Editor.csproj", "{A3358727-A968-C40B-B8F8-08A5A7A483AC}"
EndProject
Project("{FAE04EC0-301F-11D3-BF4B-00C04F79EFBC}") = "Unity.2D.Tilemap.Editor", "Unity.2D.Tilemap.Editor.csproj", "{256A5A70-C477-C8DF-47D4-13981B209355}"
EndProject
Project("{FAE04EC0-301F-11D3-BF4B-00C04F79EFBC}") = "Unity.VSCode.Editor", "Unity.VSCode.Editor.csproj", "{E74F0A7C-AEC4-BDF7-A7F3-6AB5BCD15065}"
EndProject
Project("{FAE04EC0-301F-11D3-BF4B-00C04F79EFBC}") = "Unity.2D.Sprite.Editor", "Unity.2D.Sprite.Editor.csproj", "{BE1CA4E2-C5E4-07BA-F9E2-8BAC99129453}"
EndProject
Project("{FAE04EC0-301F-11D3-BF4B-00C04F79EFBC}") = "UnityEditor.UI", "UnityEditor.UI.csproj", "{DB87F8D6-C64C-42C6-77CA-9734F7C46479}"
EndProject
Project("{FAE04EC0-301F-11D3-BF4B-00C04F79EFBC}") = "Unity.Mathematics.Editor", "Unity.Mathematics.Editor.csproj", "{BF0E3A6B-6ACC-B754-509E-B5B3B0253D8D}"
EndProject
Project("{FAE04EC0-301F-11D3-BF4B-00C04F79EFBC}") = "Unity.ShaderGraph.Utilities", "Unity.ShaderGraph.Utilities.csproj", "{0F6200DD-9C61-2BF4-FF70-1EC1B7749EB3}"
EndProject
Project("{FAE04EC0-301F-11D3-BF4B-00C04F79EFBC}") = "UnityEngine.UI", "UnityEngine.UI.Player.csproj", "{03317DF5-99D4-1756-A235-04D5CE20B4F4}"
EndProject
Project("{FAE04EC0-301F-11D3-BF4B-00C04F79EFBC}") = "Unity.RenderPipelines.Core.Runtime", "Unity.RenderPipelines.Core.Runtime.Player.csproj", "{226CCD59-2365-3DE1-BF01-E219E072F010}"
EndProject
Project("{FAE04EC0-301F-11D3-BF4B-00C04F79EFBC}") = "UnityEngine.TestRunner", "UnityEngine.TestRunner.Player.csproj", "{5DA9981B-8927-C130-395E-86B23D8E47A6}"
EndProject
Project("{FAE04EC0-301F-11D3-BF4B-00C04F79EFBC}") = "Unity.Mathematics", "Unity.Mathematics.Player.csproj", "{44DB7A03-1208-7CC3-B07B-12C1B0F1CD03}"
EndProject
Project("{FAE04EC0-301F-11D3-BF4B-00C04F79EFBC}") = "Unity.RenderPipelines.Universal.Runtime", "Unity.RenderPipelines.Universal.Runtime.Player.csproj", "{8585860F-D9B3-A2C2-4CEC-CFBDDA48E732}"
EndProject
Project("{FAE04EC0-301F-11D3-BF4B-00C04F79EFBC}") = "Unity.TextMeshPro", "Unity.TextMeshPro.Player.csproj", "{1A7BA9EA-70CE-9ABE-D74B-6C9E4F90071E}"
EndProject
Project("{FAE04EC0-301F-11D3-BF4B-00C04F79EFBC}") = "Unity.Timeline", "Unity.Timeline.Player.csproj", "{6422AF35-6B38-92C3-AF8A-A1A874F0799A}"
EndProject
Project("{FAE04EC0-301F-11D3-BF4B-00C04F79EFBC}") = "Unity.Postprocessing.Runtime", "Unity.Postprocessing.Runtime.Player.csproj", "{8EFCCA93-A06A-A103-ED93-F2E8BA4FCD78}"
EndProject
Project("{FAE04EC0-301F-11D3-BF4B-00C04F79EFBC}") = "Assembly-CSharp", "Assembly-CSharp.Player.csproj", "{3448635A-122F-449C-AEAA-4BD1147C2457}"
EndProject
Project("{FAE04EC0-301F-11D3-BF4B-00C04F79EFBC}") = "Unity.ProGrids", "Unity.ProGrids.Player.csproj", "{68DB702B-0ECA-51B3-323E-BFF277F22FB1}"
EndProject
Project("{FAE04EC0-301F-11D3-BF4B-00C04F79EFBC}") = "Unity.RenderPipelines.Core.ShaderLibrary", "Unity.RenderPipelines.Core.ShaderLibrary.Player.csproj", "{384E16DF-5FDA-492B-64E8-8186853DADA3}"
EndProject
Project("{FAE04EC0-301F-11D3-BF4B-00C04F79EFBC}") = "Unity.RenderPipeline.Universal.ShaderLibrary", "Unity.RenderPipeline.Universal.ShaderLibrary.Player.csproj", "{125F537A-E81D-023F-FE4F-594EB81A4D51}"
EndProject
Project("{FAE04EC0-301F-11D3-BF4B-00C04F79EFBC}") = "Unity.RenderPipelines.Universal.Shaders", "Unity.RenderPipelines.Universal.Shaders.Player.csproj", "{CC490CAD-58A9-96E5-A8D4-4B66BC432929}"
EndProject
Project("{FAE04EC0-301F-11D3-BF4B-00C04F79EFBC}") = "Unity.RenderPipelines.ShaderGraph.ShaderGraphLibrary", "Unity.RenderPipelines.ShaderGraph.ShaderGraphLibrary.Player.csproj", "{850276F6-D533-404D-5671-1EA17B8D9568}"
EndProject
Global
	GlobalSection(SolutionConfigurationPlatforms) = preSolution
		Debug|Any CPU = Debug|Any CPU
		Release|Any CPU = Release|Any CPU
	EndGlobalSection
	GlobalSection(ProjectConfigurationPlatforms) = postSolution
		{FD16C798-524C-6E55-19EC-392FACF18EBC}.Debug|Any CPU.ActiveCfg = Debug|Any CPU
		{FD16C798-524C-6E55-19EC-392FACF18EBC}.Debug|Any CPU.Build.0 = Debug|Any CPU
		{FD16C798-524C-6E55-19EC-392FACF18EBC}.Release|Any CPU.ActiveCfg = Release|Any CPU
		{FD16C798-524C-6E55-19EC-392FACF18EBC}.Release|Any CPU.Build.0 = Release|Any CPU
		{8527879F-2579-6304-A4A1-25B788C5A61E}.Debug|Any CPU.ActiveCfg = Debug|Any CPU
		{8527879F-2579-6304-A4A1-25B788C5A61E}.Debug|Any CPU.Build.0 = Debug|Any CPU
		{8527879F-2579-6304-A4A1-25B788C5A61E}.Release|Any CPU.ActiveCfg = Release|Any CPU
		{8527879F-2579-6304-A4A1-25B788C5A61E}.Release|Any CPU.Build.0 = Release|Any CPU
		{49AB89ED-12B8-10AD-FF75-5BFED588A673}.Debug|Any CPU.ActiveCfg = Debug|Any CPU
		{49AB89ED-12B8-10AD-FF75-5BFED588A673}.Debug|Any CPU.Build.0 = Debug|Any CPU
		{49AB89ED-12B8-10AD-FF75-5BFED588A673}.Release|Any CPU.ActiveCfg = Release|Any CPU
		{49AB89ED-12B8-10AD-FF75-5BFED588A673}.Release|Any CPU.Build.0 = Release|Any CPU
		{53083F44-76F0-10A9-6C04-45158EB78647}.Debug|Any CPU.ActiveCfg = Debug|Any CPU
		{53083F44-76F0-10A9-6C04-45158EB78647}.Debug|Any CPU.Build.0 = Debug|Any CPU
		{53083F44-76F0-10A9-6C04-45158EB78647}.Release|Any CPU.ActiveCfg = Release|Any CPU
		{53083F44-76F0-10A9-6C04-45158EB78647}.Release|Any CPU.Build.0 = Release|Any CPU
		{7AEDAAE1-625E-BAA5-5089-B925A657472D}.Debug|Any CPU.ActiveCfg = Debug|Any CPU
		{7AEDAAE1-625E-BAA5-5089-B925A657472D}.Debug|Any CPU.Build.0 = Debug|Any CPU
		{7AEDAAE1-625E-BAA5-5089-B925A657472D}.Release|Any CPU.ActiveCfg = Release|Any CPU
		{7AEDAAE1-625E-BAA5-5089-B925A657472D}.Release|Any CPU.Build.0 = Release|Any CPU
		{17778494-D30D-F6AB-5D51-828190F07B14}.Debug|Any CPU.ActiveCfg = Debug|Any CPU
		{17778494-D30D-F6AB-5D51-828190F07B14}.Debug|Any CPU.Build.0 = Debug|Any CPU
		{17778494-D30D-F6AB-5D51-828190F07B14}.Release|Any CPU.ActiveCfg = Release|Any CPU
		{17778494-D30D-F6AB-5D51-828190F07B14}.Release|Any CPU.Build.0 = Release|Any CPU
		{73614885-5C49-A9F6-C1E9-B7CCA54339A3}.Debug|Any CPU.ActiveCfg = Debug|Any CPU
		{73614885-5C49-A9F6-C1E9-B7CCA54339A3}.Debug|Any CPU.Build.0 = Debug|Any CPU
		{73614885-5C49-A9F6-C1E9-B7CCA54339A3}.Release|Any CPU.ActiveCfg = Release|Any CPU
		{73614885-5C49-A9F6-C1E9-B7CCA54339A3}.Release|Any CPU.Build.0 = Release|Any CPU
		{4D613692-AE76-0DB3-157D-ECDBAE9BB74B}.Debug|Any CPU.ActiveCfg = Debug|Any CPU
		{4D613692-AE76-0DB3-157D-ECDBAE9BB74B}.Debug|Any CPU.Build.0 = Debug|Any CPU
		{4D613692-AE76-0DB3-157D-ECDBAE9BB74B}.Release|Any CPU.ActiveCfg = Release|Any CPU
		{4D613692-AE76-0DB3-157D-ECDBAE9BB74B}.Release|Any CPU.Build.0 = Release|Any CPU
		{5919CFDF-8A17-6F9C-67F3-978FB2DCF78B}.Debug|Any CPU.ActiveCfg = Debug|Any CPU
		{5919CFDF-8A17-6F9C-67F3-978FB2DCF78B}.Debug|Any CPU.Build.0 = Debug|Any CPU
		{5919CFDF-8A17-6F9C-67F3-978FB2DCF78B}.Release|Any CPU.ActiveCfg = Release|Any CPU
		{5919CFDF-8A17-6F9C-67F3-978FB2DCF78B}.Release|Any CPU.Build.0 = Release|Any CPU
		{475BB9E4-EEBE-EE41-D660-6E51A61F2341}.Debug|Any CPU.ActiveCfg = Debug|Any CPU
		{475BB9E4-EEBE-EE41-D660-6E51A61F2341}.Debug|Any CPU.Build.0 = Debug|Any CPU
		{475BB9E4-EEBE-EE41-D660-6E51A61F2341}.Release|Any CPU.ActiveCfg = Release|Any CPU
		{475BB9E4-EEBE-EE41-D660-6E51A61F2341}.Release|Any CPU.Build.0 = Release|Any CPU
		{17C0FE6D-1F58-F9D9-3062-21E51683F7C7}.Debug|Any CPU.ActiveCfg = Debug|Any CPU
		{17C0FE6D-1F58-F9D9-3062-21E51683F7C7}.Debug|Any CPU.Build.0 = Debug|Any CPU
		{17C0FE6D-1F58-F9D9-3062-21E51683F7C7}.Release|Any CPU.ActiveCfg = Release|Any CPU
		{17C0FE6D-1F58-F9D9-3062-21E51683F7C7}.Release|Any CPU.Build.0 = Release|Any CPU
		{65FEF5B5-1E23-5ACF-566C-D3988743E988}.Debug|Any CPU.ActiveCfg = Debug|Any CPU
		{65FEF5B5-1E23-5ACF-566C-D3988743E988}.Debug|Any CPU.Build.0 = Debug|Any CPU
		{65FEF5B5-1E23-5ACF-566C-D3988743E988}.Release|Any CPU.ActiveCfg = Release|Any CPU
		{65FEF5B5-1E23-5ACF-566C-D3988743E988}.Release|Any CPU.Build.0 = Release|Any CPU
		{E1EE29A3-DFE9-B950-F4EB-C1E6FF3760C0}.Debug|Any CPU.ActiveCfg = Debug|Any CPU
		{E1EE29A3-DFE9-B950-F4EB-C1E6FF3760C0}.Debug|Any CPU.Build.0 = Debug|Any CPU
		{E1EE29A3-DFE9-B950-F4EB-C1E6FF3760C0}.Release|Any CPU.ActiveCfg = Release|Any CPU
		{E1EE29A3-DFE9-B950-F4EB-C1E6FF3760C0}.Release|Any CPU.Build.0 = Release|Any CPU
		{B6A853E3-D2E0-C314-F259-6F4B73BC854E}.Debug|Any CPU.ActiveCfg = Debug|Any CPU
		{B6A853E3-D2E0-C314-F259-6F4B73BC854E}.Debug|Any CPU.Build.0 = Debug|Any CPU
		{B6A853E3-D2E0-C314-F259-6F4B73BC854E}.Release|Any CPU.ActiveCfg = Release|Any CPU
		{B6A853E3-D2E0-C314-F259-6F4B73BC854E}.Release|Any CPU.Build.0 = Release|Any CPU
		{E92A614E-220E-3336-CD15-EBC16CA7B606}.Debug|Any CPU.ActiveCfg = Debug|Any CPU
		{E92A614E-220E-3336-CD15-EBC16CA7B606}.Debug|Any CPU.Build.0 = Debug|Any CPU
		{E92A614E-220E-3336-CD15-EBC16CA7B606}.Release|Any CPU.ActiveCfg = Release|Any CPU
		{E92A614E-220E-3336-CD15-EBC16CA7B606}.Release|Any CPU.Build.0 = Release|Any CPU
		{87666ECB-6FB3-16A4-16B3-0B97A15C73E9}.Debug|Any CPU.ActiveCfg = Debug|Any CPU
		{87666ECB-6FB3-16A4-16B3-0B97A15C73E9}.Debug|Any CPU.Build.0 = Debug|Any CPU
		{87666ECB-6FB3-16A4-16B3-0B97A15C73E9}.Release|Any CPU.ActiveCfg = Release|Any CPU
		{87666ECB-6FB3-16A4-16B3-0B97A15C73E9}.Release|Any CPU.Build.0 = Release|Any CPU
		{70A63AEE-B570-8370-D77B-CC0A8B62B51A}.Debug|Any CPU.ActiveCfg = Debug|Any CPU
		{70A63AEE-B570-8370-D77B-CC0A8B62B51A}.Debug|Any CPU.Build.0 = Debug|Any CPU
		{70A63AEE-B570-8370-D77B-CC0A8B62B51A}.Release|Any CPU.ActiveCfg = Release|Any CPU
		{70A63AEE-B570-8370-D77B-CC0A8B62B51A}.Release|Any CPU.Build.0 = Release|Any CPU
		{C58B3B8C-B752-D159-5453-B2DBF7A88B3E}.Debug|Any CPU.ActiveCfg = Debug|Any CPU
		{C58B3B8C-B752-D159-5453-B2DBF7A88B3E}.Debug|Any CPU.Build.0 = Debug|Any CPU
		{C58B3B8C-B752-D159-5453-B2DBF7A88B3E}.Release|Any CPU.ActiveCfg = Release|Any CPU
		{C58B3B8C-B752-D159-5453-B2DBF7A88B3E}.Release|Any CPU.Build.0 = Release|Any CPU
		{2F31AA6A-C0B7-A5DF-269C-B7B431D3AB1C}.Debug|Any CPU.ActiveCfg = Debug|Any CPU
		{2F31AA6A-C0B7-A5DF-269C-B7B431D3AB1C}.Debug|Any CPU.Build.0 = Debug|Any CPU
		{2F31AA6A-C0B7-A5DF-269C-B7B431D3AB1C}.Release|Any CPU.ActiveCfg = Release|Any CPU
		{2F31AA6A-C0B7-A5DF-269C-B7B431D3AB1C}.Release|Any CPU.Build.0 = Release|Any CPU
		{942A26F8-79E9-02D3-D552-2B1871B06F2F}.Debug|Any CPU.ActiveCfg = Debug|Any CPU
		{942A26F8-79E9-02D3-D552-2B1871B06F2F}.Debug|Any CPU.Build.0 = Debug|Any CPU
		{942A26F8-79E9-02D3-D552-2B1871B06F2F}.Release|Any CPU.ActiveCfg = Release|Any CPU
		{942A26F8-79E9-02D3-D552-2B1871B06F2F}.Release|Any CPU.Build.0 = Release|Any CPU
		{43245D88-9D55-750F-BB7F-253B9FF9772B}.Debug|Any CPU.ActiveCfg = Debug|Any CPU
		{43245D88-9D55-750F-BB7F-253B9FF9772B}.Debug|Any CPU.Build.0 = Debug|Any CPU
		{43245D88-9D55-750F-BB7F-253B9FF9772B}.Release|Any CPU.ActiveCfg = Release|Any CPU
		{43245D88-9D55-750F-BB7F-253B9FF9772B}.Release|Any CPU.Build.0 = Release|Any CPU
		{8AF81612-E0C4-1026-E691-8A6420ED89BC}.Debug|Any CPU.ActiveCfg = Debug|Any CPU
		{8AF81612-E0C4-1026-E691-8A6420ED89BC}.Debug|Any CPU.Build.0 = Debug|Any CPU
		{8AF81612-E0C4-1026-E691-8A6420ED89BC}.Release|Any CPU.ActiveCfg = Release|Any CPU
		{8AF81612-E0C4-1026-E691-8A6420ED89BC}.Release|Any CPU.Build.0 = Release|Any CPU
		{8D44B07E-C378-914E-89C9-80081BC33366}.Debug|Any CPU.ActiveCfg = Debug|Any CPU
		{8D44B07E-C378-914E-89C9-80081BC33366}.Debug|Any CPU.Build.0 = Debug|Any CPU
		{8D44B07E-C378-914E-89C9-80081BC33366}.Release|Any CPU.ActiveCfg = Release|Any CPU
		{8D44B07E-C378-914E-89C9-80081BC33366}.Release|Any CPU.Build.0 = Release|Any CPU
		{CAC5377E-DBFD-6C94-B43B-F0DF830B8C5A}.Debug|Any CPU.ActiveCfg = Debug|Any CPU
		{CAC5377E-DBFD-6C94-B43B-F0DF830B8C5A}.Debug|Any CPU.Build.0 = Debug|Any CPU
		{CAC5377E-DBFD-6C94-B43B-F0DF830B8C5A}.Release|Any CPU.ActiveCfg = Release|Any CPU
		{CAC5377E-DBFD-6C94-B43B-F0DF830B8C5A}.Release|Any CPU.Build.0 = Release|Any CPU
		{2946C194-CFD4-3EC8-5732-E1F2CA1539C9}.Debug|Any CPU.ActiveCfg = Debug|Any CPU
		{2946C194-CFD4-3EC8-5732-E1F2CA1539C9}.Debug|Any CPU.Build.0 = Debug|Any CPU
		{2946C194-CFD4-3EC8-5732-E1F2CA1539C9}.Release|Any CPU.ActiveCfg = Release|Any CPU
		{2946C194-CFD4-3EC8-5732-E1F2CA1539C9}.Release|Any CPU.Build.0 = Release|Any CPU
		{EFFB6BB1-C8A0-8D1A-5232-8968CEC78763}.Debug|Any CPU.ActiveCfg = Debug|Any CPU
		{EFFB6BB1-C8A0-8D1A-5232-8968CEC78763}.Debug|Any CPU.Build.0 = Debug|Any CPU
		{EFFB6BB1-C8A0-8D1A-5232-8968CEC78763}.Release|Any CPU.ActiveCfg = Release|Any CPU
		{EFFB6BB1-C8A0-8D1A-5232-8968CEC78763}.Release|Any CPU.Build.0 = Release|Any CPU
		{6B148D44-14DA-5506-0E04-40A134AFBC52}.Debug|Any CPU.ActiveCfg = Debug|Any CPU
		{6B148D44-14DA-5506-0E04-40A134AFBC52}.Debug|Any CPU.Build.0 = Debug|Any CPU
		{6B148D44-14DA-5506-0E04-40A134AFBC52}.Release|Any CPU.ActiveCfg = Release|Any CPU
		{6B148D44-14DA-5506-0E04-40A134AFBC52}.Release|Any CPU.Build.0 = Release|Any CPU
		{AC7D1B0B-BBB8-EA23-15B6-6B134CEC39FC}.Debug|Any CPU.ActiveCfg = Debug|Any CPU
		{AC7D1B0B-BBB8-EA23-15B6-6B134CEC39FC}.Debug|Any CPU.Build.0 = Debug|Any CPU
		{AC7D1B0B-BBB8-EA23-15B6-6B134CEC39FC}.Release|Any CPU.ActiveCfg = Release|Any CPU
		{AC7D1B0B-BBB8-EA23-15B6-6B134CEC39FC}.Release|Any CPU.Build.0 = Release|Any CPU
		{A3358727-A968-C40B-B8F8-08A5A7A483AC}.Debug|Any CPU.ActiveCfg = Debug|Any CPU
		{A3358727-A968-C40B-B8F8-08A5A7A483AC}.Debug|Any CPU.Build.0 = Debug|Any CPU
		{A3358727-A968-C40B-B8F8-08A5A7A483AC}.Release|Any CPU.ActiveCfg = Release|Any CPU
		{A3358727-A968-C40B-B8F8-08A5A7A483AC}.Release|Any CPU.Build.0 = Release|Any CPU
		{256A5A70-C477-C8DF-47D4-13981B209355}.Debug|Any CPU.ActiveCfg = Debug|Any CPU
		{256A5A70-C477-C8DF-47D4-13981B209355}.Debug|Any CPU.Build.0 = Debug|Any CPU
		{256A5A70-C477-C8DF-47D4-13981B209355}.Release|Any CPU.ActiveCfg = Release|Any CPU
		{256A5A70-C477-C8DF-47D4-13981B209355}.Release|Any CPU.Build.0 = Release|Any CPU
		{E74F0A7C-AEC4-BDF7-A7F3-6AB5BCD15065}.Debug|Any CPU.ActiveCfg = Debug|Any CPU
		{E74F0A7C-AEC4-BDF7-A7F3-6AB5BCD15065}.Debug|Any CPU.Build.0 = Debug|Any CPU
		{E74F0A7C-AEC4-BDF7-A7F3-6AB5BCD15065}.Release|Any CPU.ActiveCfg = Release|Any CPU
		{E74F0A7C-AEC4-BDF7-A7F3-6AB5BCD15065}.Release|Any CPU.Build.0 = Release|Any CPU
		{BE1CA4E2-C5E4-07BA-F9E2-8BAC99129453}.Debug|Any CPU.ActiveCfg = Debug|Any CPU
		{BE1CA4E2-C5E4-07BA-F9E2-8BAC99129453}.Debug|Any CPU.Build.0 = Debug|Any CPU
		{BE1CA4E2-C5E4-07BA-F9E2-8BAC99129453}.Release|Any CPU.ActiveCfg = Release|Any CPU
		{BE1CA4E2-C5E4-07BA-F9E2-8BAC99129453}.Release|Any CPU.Build.0 = Release|Any CPU
		{DB87F8D6-C64C-42C6-77CA-9734F7C46479}.Debug|Any CPU.ActiveCfg = Debug|Any CPU
		{DB87F8D6-C64C-42C6-77CA-9734F7C46479}.Debug|Any CPU.Build.0 = Debug|Any CPU
		{DB87F8D6-C64C-42C6-77CA-9734F7C46479}.Release|Any CPU.ActiveCfg = Release|Any CPU
		{DB87F8D6-C64C-42C6-77CA-9734F7C46479}.Release|Any CPU.Build.0 = Release|Any CPU
		{BF0E3A6B-6ACC-B754-509E-B5B3B0253D8D}.Debug|Any CPU.ActiveCfg = Debug|Any CPU
		{BF0E3A6B-6ACC-B754-509E-B5B3B0253D8D}.Debug|Any CPU.Build.0 = Debug|Any CPU
		{BF0E3A6B-6ACC-B754-509E-B5B3B0253D8D}.Release|Any CPU.ActiveCfg = Release|Any CPU
		{BF0E3A6B-6ACC-B754-509E-B5B3B0253D8D}.Release|Any CPU.Build.0 = Release|Any CPU
		{0F6200DD-9C61-2BF4-FF70-1EC1B7749EB3}.Debug|Any CPU.ActiveCfg = Debug|Any CPU
		{0F6200DD-9C61-2BF4-FF70-1EC1B7749EB3}.Debug|Any CPU.Build.0 = Debug|Any CPU
		{0F6200DD-9C61-2BF4-FF70-1EC1B7749EB3}.Release|Any CPU.ActiveCfg = Release|Any CPU
		{0F6200DD-9C61-2BF4-FF70-1EC1B7749EB3}.Release|Any CPU.Build.0 = Release|Any CPU
		{03317DF5-99D4-1756-A235-04D5CE20B4F4}.Debug|Any CPU.ActiveCfg = Debug|Any CPU
		{03317DF5-99D4-1756-A235-04D5CE20B4F4}.Debug|Any CPU.Build.0 = Debug|Any CPU
		{03317DF5-99D4-1756-A235-04D5CE20B4F4}.Release|Any CPU.ActiveCfg = Release|Any CPU
		{03317DF5-99D4-1756-A235-04D5CE20B4F4}.Release|Any CPU.Build.0 = Release|Any CPU
		{226CCD59-2365-3DE1-BF01-E219E072F010}.Debug|Any CPU.ActiveCfg = Debug|Any CPU
		{226CCD59-2365-3DE1-BF01-E219E072F010}.Debug|Any CPU.Build.0 = Debug|Any CPU
		{226CCD59-2365-3DE1-BF01-E219E072F010}.Release|Any CPU.ActiveCfg = Release|Any CPU
		{226CCD59-2365-3DE1-BF01-E219E072F010}.Release|Any CPU.Build.0 = Release|Any CPU
		{5DA9981B-8927-C130-395E-86B23D8E47A6}.Debug|Any CPU.ActiveCfg = Debug|Any CPU
		{5DA9981B-8927-C130-395E-86B23D8E47A6}.Debug|Any CPU.Build.0 = Debug|Any CPU
		{5DA9981B-8927-C130-395E-86B23D8E47A6}.Release|Any CPU.ActiveCfg = Release|Any CPU
		{5DA9981B-8927-C130-395E-86B23D8E47A6}.Release|Any CPU.Build.0 = Release|Any CPU
		{44DB7A03-1208-7CC3-B07B-12C1B0F1CD03}.Debug|Any CPU.ActiveCfg = Debug|Any CPU
		{44DB7A03-1208-7CC3-B07B-12C1B0F1CD03}.Debug|Any CPU.Build.0 = Debug|Any CPU
		{44DB7A03-1208-7CC3-B07B-12C1B0F1CD03}.Release|Any CPU.ActiveCfg = Release|Any CPU
		{44DB7A03-1208-7CC3-B07B-12C1B0F1CD03}.Release|Any CPU.Build.0 = Release|Any CPU
		{8585860F-D9B3-A2C2-4CEC-CFBDDA48E732}.Debug|Any CPU.ActiveCfg = Debug|Any CPU
		{8585860F-D9B3-A2C2-4CEC-CFBDDA48E732}.Debug|Any CPU.Build.0 = Debug|Any CPU
		{8585860F-D9B3-A2C2-4CEC-CFBDDA48E732}.Release|Any CPU.ActiveCfg = Release|Any CPU
		{8585860F-D9B3-A2C2-4CEC-CFBDDA48E732}.Release|Any CPU.Build.0 = Release|Any CPU
		{1A7BA9EA-70CE-9ABE-D74B-6C9E4F90071E}.Debug|Any CPU.ActiveCfg = Debug|Any CPU
		{1A7BA9EA-70CE-9ABE-D74B-6C9E4F90071E}.Debug|Any CPU.Build.0 = Debug|Any CPU
		{1A7BA9EA-70CE-9ABE-D74B-6C9E4F90071E}.Release|Any CPU.ActiveCfg = Release|Any CPU
		{1A7BA9EA-70CE-9ABE-D74B-6C9E4F90071E}.Release|Any CPU.Build.0 = Release|Any CPU
		{6422AF35-6B38-92C3-AF8A-A1A874F0799A}.Debug|Any CPU.ActiveCfg = Debug|Any CPU
		{6422AF35-6B38-92C3-AF8A-A1A874F0799A}.Debug|Any CPU.Build.0 = Debug|Any CPU
		{6422AF35-6B38-92C3-AF8A-A1A874F0799A}.Release|Any CPU.ActiveCfg = Release|Any CPU
		{6422AF35-6B38-92C3-AF8A-A1A874F0799A}.Release|Any CPU.Build.0 = Release|Any CPU
		{8EFCCA93-A06A-A103-ED93-F2E8BA4FCD78}.Debug|Any CPU.ActiveCfg = Debug|Any CPU
		{8EFCCA93-A06A-A103-ED93-F2E8BA4FCD78}.Debug|Any CPU.Build.0 = Debug|Any CPU
		{8EFCCA93-A06A-A103-ED93-F2E8BA4FCD78}.Release|Any CPU.ActiveCfg = Release|Any CPU
		{8EFCCA93-A06A-A103-ED93-F2E8BA4FCD78}.Release|Any CPU.Build.0 = Release|Any CPU
		{3448635A-122F-449C-AEAA-4BD1147C2457}.Debug|Any CPU.ActiveCfg = Debug|Any CPU
		{3448635A-122F-449C-AEAA-4BD1147C2457}.Debug|Any CPU.Build.0 = Debug|Any CPU
		{3448635A-122F-449C-AEAA-4BD1147C2457}.Release|Any CPU.ActiveCfg = Release|Any CPU
		{3448635A-122F-449C-AEAA-4BD1147C2457}.Release|Any CPU.Build.0 = Release|Any CPU
		{68DB702B-0ECA-51B3-323E-BFF277F22FB1}.Debug|Any CPU.ActiveCfg = Debug|Any CPU
		{68DB702B-0ECA-51B3-323E-BFF277F22FB1}.Debug|Any CPU.Build.0 = Debug|Any CPU
		{68DB702B-0ECA-51B3-323E-BFF277F22FB1}.Release|Any CPU.ActiveCfg = Release|Any CPU
		{68DB702B-0ECA-51B3-323E-BFF277F22FB1}.Release|Any CPU.Build.0 = Release|Any CPU
		{384E16DF-5FDA-492B-64E8-8186853DADA3}.Debug|Any CPU.ActiveCfg = Debug|Any CPU
		{384E16DF-5FDA-492B-64E8-8186853DADA3}.Debug|Any CPU.Build.0 = Debug|Any CPU
		{384E16DF-5FDA-492B-64E8-8186853DADA3}.Release|Any CPU.ActiveCfg = Release|Any CPU
		{384E16DF-5FDA-492B-64E8-8186853DADA3}.Release|Any CPU.Build.0 = Release|Any CPU
		{125F537A-E81D-023F-FE4F-594EB81A4D51}.Debug|Any CPU.ActiveCfg = Debug|Any CPU
		{125F537A-E81D-023F-FE4F-594EB81A4D51}.Debug|Any CPU.Build.0 = Debug|Any CPU
		{125F537A-E81D-023F-FE4F-594EB81A4D51}.Release|Any CPU.ActiveCfg = Release|Any CPU
		{125F537A-E81D-023F-FE4F-594EB81A4D51}.Release|Any CPU.Build.0 = Release|Any CPU
		{CC490CAD-58A9-96E5-A8D4-4B66BC432929}.Debug|Any CPU.ActiveCfg = Debug|Any CPU
		{CC490CAD-58A9-96E5-A8D4-4B66BC432929}.Debug|Any CPU.Build.0 = Debug|Any CPU
		{CC490CAD-58A9-96E5-A8D4-4B66BC432929}.Release|Any CPU.ActiveCfg = Release|Any CPU
		{CC490CAD-58A9-96E5-A8D4-4B66BC432929}.Release|Any CPU.Build.0 = Release|Any CPU
		{850276F6-D533-404D-5671-1EA17B8D9568}.Debug|Any CPU.ActiveCfg = Debug|Any CPU
		{850276F6-D533-404D-5671-1EA17B8D9568}.Debug|Any CPU.Build.0 = Debug|Any CPU
		{850276F6-D533-404D-5671-1EA17B8D9568}.Release|Any CPU.ActiveCfg = Release|Any CPU
		{850276F6-D533-404D-5671-1EA17B8D9568}.Release|Any CPU.Build.0 = Release|Any CPU
	EndGlobalSection
	GlobalSection(SolutionProperties) = preSolution
		HideSolutionNode = FALSE
	EndGlobalSection
EndGlobal
